
Microsoft Visual Studio Solution File, Format Version 12.00
# Visual Studio Version 17
VisualStudioVersion = 17.11.35219.272
MinimumVisualStudioVersion = 10.0.40219.1
Project("{FAE04EC0-301F-11D3-BF4B-00C04F79EFBC}") = "CSharpEgitimKampi601", "CSharpEgitimKampi601\CSharpEgitimKampi601.csproj", "{5E13F917-B154-4D5A-AB15-1301E625F95A}"
EndProject
Global
	GlobalSection(SolutionConfigurationPlatforms) = preSolution
		Debug|Any CPU = Debug|Any CPU
		Release|Any CPU = Release|Any CPU
	EndGlobalSection
	GlobalSection(ProjectConfigurationPlatforms) = postSolution
		{5E13F917-B154-4D5A-AB15-1301E625F95A}.Debug|Any CPU.ActiveCfg = Debug|Any CPU
		{5E13F917-B154-4D5A-AB15-1301E625F95A}.Debug|Any CPU.Build.0 = Debug|Any CPU
		{5E13F917-B154-4D5A-AB15-1301E625F95A}.Release|Any CPU.ActiveCfg = Release|Any CPU
		{5E13F917-B154-4D5A-AB15-1301E625F95A}.Release|Any CPU.Build.0 = Release|Any CPU
	EndGlobalSection
	GlobalSection(SolutionProperties) = preSolution
		HideSolutionNode = FALSE
	EndGlobalSection
	GlobalSection(ExtensibilityGlobals) = postSolution
		SolutionGuid = {BB782BC1-6188-46E8-959C-7B776DDB07CB}
	EndGlobalSection
EndGlobal
